{
  "version": "4",
  "specifiers": {
    "jsr:@deno-libs/gql@3.0.1": "3.0.1",
    "jsr:@deno-libs/gql@^3.0.1": "3.0.1",
    "jsr:@std/assert@1": "1.0.6",
    "jsr:@std/http@0.224.5": "0.224.5",
    "jsr:@std/internal@^1.0.4": "1.0.4",
    "npm:@graphql-tools/schema@10.0.3": "10.0.3_graphql@16.8.1",
    "npm:@graphql-tools/schema@^10.0.7": "10.0.7_graphql@16.9.0",
    "npm:graphql-http@1.22.0": "1.22.0_graphql@16.8.1",
    "npm:graphql@16.8.1": "16.8.1",
    "npm:xss@1.0.15": "1.0.15"
  },
  "jsr": {
    "@deno-libs/gql@3.0.1": {
      "integrity": "e58054ff26c2b4934d18ae537595999285fc363e901481afb42082975129f85c",
      "dependencies": [
        "jsr:@std/http",
        "npm:graphql",
        "npm:graphql-http",
        "npm:xss"
      ]
    },
    "@std/assert@1.0.6": {
      "integrity": "1904c05806a25d94fe791d6d883b685c9e2dcd60e4f9fc30f4fc5cf010c72207",
      "dependencies": [
        "jsr:@std/internal"
      ]
    },
    "@std/http@0.224.5": {
      "integrity": "b03b5d1529f6c423badfb82f6640f9f2557b4034cd7c30655ba5bb447ff750a4"
    },
    "@std/internal@1.0.4": {
      "integrity": "62e8e4911527e5e4f307741a795c0b0a9e6958d0b3790716ae71ce085f755422"
    }
  },
  "npm": {
    "@graphql-tools/merge@9.0.8_graphql@16.8.1": {
      "integrity": "sha512-RG9NEp4fi0MoFi0te4ahqTMYuavQnXlpEZxxMomdCa6CI5tfekcVm/rsLF5Zt8O4HY+esDt9+4dCL+aOKvG79w==",
      "dependencies": [
        "@graphql-tools/utils@10.5.5_graphql@16.8.1",
        "graphql@16.8.1",
        "tslib"
      ]
    },
    "@graphql-tools/merge@9.0.8_graphql@16.9.0": {
      "integrity": "sha512-RG9NEp4fi0MoFi0te4ahqTMYuavQnXlpEZxxMomdCa6CI5tfekcVm/rsLF5Zt8O4HY+esDt9+4dCL+aOKvG79w==",
      "dependencies": [
        "@graphql-tools/utils@10.5.5_graphql@16.9.0",
        "graphql@16.9.0",
        "tslib"
      ]
    },
    "@graphql-tools/schema@10.0.3_graphql@16.8.1": {
      "integrity": "sha512-p28Oh9EcOna6i0yLaCFOnkcBDQECVf3SCexT6ktb86QNj9idnkhI+tCxnwZDh58Qvjd2nURdkbevvoZkvxzCog==",
      "dependencies": [
        "@graphql-tools/merge@9.0.8_graphql@16.8.1",
        "@graphql-tools/utils@10.5.5_graphql@16.8.1",
        "graphql@16.8.1",
        "tslib",
        "value-or-promise"
      ]
    },
    "@graphql-tools/schema@10.0.7_graphql@16.9.0": {
      "integrity": "sha512-Cz1o+rf9cd3uMgG+zI9HlM5mPlnHQUlk/UQRZyUlPDfT+944taLaokjvj7AI6GcOFVf4f2D11XthQp+0GY31jQ==",
      "dependencies": [
        "@graphql-tools/merge@9.0.8_graphql@16.9.0",
        "@graphql-tools/utils@10.5.5_graphql@16.9.0",
        "graphql@16.9.0",
        "tslib",
        "value-or-promise"
      ]
    },
    "@graphql-tools/utils@10.5.5_graphql@16.8.1": {
      "integrity": "sha512-LF/UDWmMT0mnobL2UZETwYghV7HYBzNaGj0SAkCYOMy/C3+6sQdbcTksnoFaKR9XIVD78jNXEGfivbB8Zd+cwA==",
      "dependencies": [
        "@graphql-typed-document-node/core@3.2.0_graphql@16.8.1",
        "cross-inspect",
        "dset",
        "graphql@16.8.1",
        "tslib"
      ]
    },
    "@graphql-tools/utils@10.5.5_graphql@16.9.0": {
      "integrity": "sha512-LF/UDWmMT0mnobL2UZETwYghV7HYBzNaGj0SAkCYOMy/C3+6sQdbcTksnoFaKR9XIVD78jNXEGfivbB8Zd+cwA==",
      "dependencies": [
        "@graphql-typed-document-node/core@3.2.0_graphql@16.9.0",
        "cross-inspect",
        "dset",
        "graphql@16.9.0",
        "tslib"
      ]
    },
    "@graphql-typed-document-node/core@3.2.0_graphql@16.8.1": {
      "integrity": "sha512-mB9oAsNCm9aM3/SOv4YtBMqZbYj10R7dkq8byBqxGY/ncFwhf2oQzMV+LCRlWoDSEBJ3COiR1yeDvMtsoOsuFQ==",
      "dependencies": [
        "graphql@16.8.1"
      ]
    },
    "@graphql-typed-document-node/core@3.2.0_graphql@16.9.0": {
      "integrity": "sha512-mB9oAsNCm9aM3/SOv4YtBMqZbYj10R7dkq8byBqxGY/ncFwhf2oQzMV+LCRlWoDSEBJ3COiR1yeDvMtsoOsuFQ==",
      "dependencies": [
        "graphql@16.9.0"
      ]
    },
    "commander@2.20.3": {
      "integrity": "sha512-GpVkmM8vF2vQUkj2LvZmD35JxeJOLCwJ9cUkugyk2nuhbv3+mJvpLYYt+0+USMxE+oj+ey/lJEnhZw75x/OMcQ=="
    },
    "cross-inspect@1.0.1": {
      "integrity": "sha512-Pcw1JTvZLSJH83iiGWt6fRcT+BjZlCDRVwYLbUcHzv/CRpB7r0MlSrGbIyQvVSNyGnbt7G4AXuyCiDR3POvZ1A==",
      "dependencies": [
        "tslib"
      ]
    },
    "cssfilter@0.0.10": {
      "integrity": "sha512-FAaLDaplstoRsDR8XGYH51znUN0UY7nMc6Z9/fvE8EXGwvJE9hu7W2vHwx1+bd6gCYnln9nLbzxFTrcO9YQDZw=="
    },
    "dset@3.1.4": {
      "integrity": "sha512-2QF/g9/zTaPDc3BjNcVTGoBbXBgYfMTTceLaYcFJ/W9kggFUkhxD/hMEeuLKbugyef9SqAx8cpgwlIP/jinUTA=="
    },
    "graphql-http@1.22.0_graphql@16.8.1": {
      "integrity": "sha512-9RBUlGJWBFqz9LwfpmAbjJL/8j/HCNkZwPBU5+Bfmwez+1Ay43DocMNQYpIWsWqH0Ftv6PTNAh2aRnnMCBJgLw==",
      "dependencies": [
        "graphql@16.8.1"
      ]
    },
    "graphql@16.8.1": {
      "integrity": "sha512-59LZHPdGZVh695Ud9lRzPBVTtlX9ZCV150Er2W43ro37wVof0ctenSaskPPjN7lVTIN8mSZt8PHUNKZuNQUuxw=="
    },
    "graphql@16.9.0": {
      "integrity": "sha512-GGTKBX4SD7Wdb8mqeDLni2oaRGYQWjWHGKPQ24ZMnUtKfcsVoiv4uX8+LJr1K6U5VW2Lu1BwJnj7uiori0YtRw=="
    },
    "tslib@2.8.0": {
      "integrity": "sha512-jWVzBLplnCmoaTr13V9dYbiQ99wvZRd0vNWaDRg+aVYRcjDF3nDksxFDE/+fkXnKhpnUUkmx5pK/v8mCtLVqZA=="
    },
    "value-or-promise@1.0.12": {
      "integrity": "sha512-Z6Uz+TYwEqE7ZN50gwn+1LCVo9ZVrpxRPOhOLnncYkY1ZzOYtrX8Fwf/rFktZ8R5mJms6EZf5TqNOMeZmnPq9Q=="
    },
    "xss@1.0.15": {
      "integrity": "sha512-FVdlVVC67WOIPvfOwhoMETV72f6GbW7aOabBC3WxN/oUdoEMDyLz4OgRv5/gck2ZeNqEQu+Tb0kloovXOfpYVg==",
      "dependencies": [
        "commander",
        "cssfilter"
      ]
    }
  },
  "remote": {
    "https://deno.land/x/graphql_tag@0.1.2/deps.ts": "5696461c8bb42db7c83486db452e125f7cfdc62a2c628bb470a4447d934b90b3",
    "https://deno.land/x/graphql_tag@0.1.2/mod.ts": "57fd56de5f7cbc66e23ce896cc8e99521d286e89969d83e09d960642b0a9d652",
    "https://esm.sh/graphql@16.6.0/language/ast#=": "3370c36acfd7dc994d7f2242361dbc538b7b239f0cb41603f97a5d67273f5255",
    "https://esm.sh/graphql@16.6.0/language/parser#=": "38b1158134aed40573b9885cc5f3b020fe8b60c75aa8b32420388c577615b97a",
    "https://esm.sh/v135/graphql@16.6.0/denonext/language/ast.js": "1c8cc697db4ec96d354496fa69a2d6552ec5801a6c3bdbe5505f369d872d594c",
    "https://esm.sh/v135/graphql@16.6.0/denonext/language/parser.js": "82063e5ee234089909652e04ccd9f0e1c0670c04ac6db896099a638ae759b182"
  },
  "workspace": {
    "dependencies": [
      "jsr:@deno-libs/gql@^3.0.1",
      "jsr:@std/assert@1",
      "npm:@graphql-tools/schema@^10.0.7"
    ]
  }
}
